
Microsoft Visual Studio Solution File, Format Version 12.00
# Visual Studio 15
VisualStudioVersion = 15.0.27703.2026
MinimumVisualStudioVersion = 10.0.40219.1
Project("{FAE04EC0-301F-11D3-BF4B-00C04F79EFBC}") = "ChatApp", "ChatApp\ChatApp.csproj", "{EA5D3581-C816-4ED3-AEB1-8956F3FECDAC}"
EndProject
Project("{FAE04EC0-301F-11D3-BF4B-00C04F79EFBC}") = "Model", "Model\Model.csproj", "{645EF929-E0AB-4FC7-ADB6-7CD3A4D4B952}"
EndProject
Global
	GlobalSection(SolutionConfigurationPlatforms) = preSolution
		Debug|Any CPU = Debug|Any CPU
		Release|Any CPU = Release|Any CPU
	EndGlobalSection
	GlobalSection(ProjectConfigurationPlatforms) = postSolution
		{EA5D3581-C816-4ED3-AEB1-8956F3FECDAC}.Debug|Any CPU.ActiveCfg = Debug|Any CPU
		{EA5D3581-C816-4ED3-AEB1-8956F3FECDAC}.Debug|Any CPU.Build.0 = Debug|Any CPU
		{EA5D3581-C816-4ED3-AEB1-8956F3FECDAC}.Release|Any CPU.ActiveCfg = Release|Any CPU
		{EA5D3581-C816-4ED3-AEB1-8956F3FECDAC}.Release|Any CPU.Build.0 = Release|Any CPU
		{645EF929-E0AB-4FC7-ADB6-7CD3A4D4B952}.Debug|Any CPU.ActiveCfg = Debug|Any CPU
		{645EF929-E0AB-4FC7-ADB6-7CD3A4D4B952}.Debug|Any CPU.Build.0 = Debug|Any CPU
		{645EF929-E0AB-4FC7-ADB6-7CD3A4D4B952}.Release|Any CPU.ActiveCfg = Release|Any CPU
		{645EF929-E0AB-4FC7-ADB6-7CD3A4D4B952}.Release|Any CPU.Build.0 = Release|Any CPU
	EndGlobalSection
	GlobalSection(SolutionProperties) = preSolution
		HideSolutionNode = FALSE
	EndGlobalSection
	GlobalSection(ExtensibilityGlobals) = postSolution
		SolutionGuid = {8E11342A-337C-4C03-B7F0-8BC767C0F616}
	EndGlobalSection
EndGlobal
